
Microsoft Visual Studio Solution File, Format Version 12.00
# Visual Studio 2012
Project("{8BC9CEB8-8B4A-11D0-8D11-00A0C91BC942}") = "AsyncServer", "AsyncServer\AsyncServer.vcxproj", "{C1D41137-DCFF-4D8F-B6E0-0343B4C0F4FA}"
EndProject
Global
	GlobalSection(SolutionConfigurationPlatforms) = preSolution
		Debug|Win32 = Debug|Win32
		Release|Win32 = Release|Win32
	EndGlobalSection
	GlobalSection(ProjectConfigurationPlatforms) = postSolution
		{C1D41137-DCFF-4D8F-B6E0-0343B4C0F4FA}.Debug|Win32.ActiveCfg = Debug|Win32
		{C1D41137-DCFF-4D8F-B6E0-0343B4C0F4FA}.Debug|Win32.Build.0 = Debug|Win32
		{C1D41137-DCFF-4D8F-B6E0-0343B4C0F4FA}.Release|Win32.ActiveCfg = Release|Win32
		{C1D41137-DCFF-4D8F-B6E0-0343B4C0F4FA}.Release|Win32.Build.0 = Release|Win32
	EndGlobalSection
	GlobalSection(SolutionProperties) = preSolution
		HideSolutionNode = FALSE
	EndGlobalSection
EndGlobal
